
Microsoft Visual Studio Solution File, Format Version 12.00
# Visual Studio 15
VisualStudioVersion = 15.0.28307.106
MinimumVisualStudioVersion = 10.0.40219.1
Project("{888888A0-9F3D-457C-B088-3A5042F75D52}") = "HiddenMarkovModel", "HiddenMarkovModel\HiddenMarkovModel.pyproj", "{B18395FB-6491-468A-9AAA-D7F06FF5C6CA}"
EndProject
Global
	GlobalSection(SolutionConfigurationPlatforms) = preSolution
		Debug|Any CPU = Debug|Any CPU
		Release|Any CPU = Release|Any CPU
	EndGlobalSection
	GlobalSection(ProjectConfigurationPlatforms) = postSolution
		{B18395FB-6491-468A-9AAA-D7F06FF5C6CA}.Debug|Any CPU.ActiveCfg = Debug|Any CPU
		{B18395FB-6491-468A-9AAA-D7F06FF5C6CA}.Release|Any CPU.ActiveCfg = Release|Any CPU
	EndGlobalSection
	GlobalSection(SolutionProperties) = preSolution
		HideSolutionNode = FALSE
	EndGlobalSection
	GlobalSection(ExtensibilityGlobals) = postSolution
		SolutionGuid = {74B51D13-E12D-41A6-9183-451A0BB4332E}
	EndGlobalSection
EndGlobal
